// !$*UTF8*$!
{
	archiveVersion = 1;
	classes = {
	};
	objectVersion = 77;
	objects = {

/* Begin PBXContainerItemProxy section */
		D0AE1C882CB400D300BB2DA2 /* PBXContainerItemProxy */ = {
			isa = PBXContainerItemProxy;
			containerPortal = D0AE1C6D2CB400D100BB2DA2 /* Project object */;
			proxyType = 1;
			remoteGlobalIDString = D0AE1C742CB400D100BB2DA2;
			remoteInfo = fItneSS_us;
		};
		D0AE1C922CB400D300BB2DA2 /* PBXContainerItemProxy */ = {
			isa = PBXContainerItemProxy;
			containerPortal = D0AE1C6D2CB400D100BB2DA2 /* Project object */;
			proxyType = 1;
			remoteGlobalIDString = D0AE1C742CB400D100BB2DA2;
			remoteInfo = fItneSS_us;
		};
/* End PBXContainerItemProxy section */

/* Begin PBXFileReference section */
		D0AE1C752CB400D100BB2DA2 /* fItneSS_us.app */ = {isa = PBXFileReference; explicitFileType = wrapper.application; includeInIndex = 0; path = fItneSS_us.app; sourceTree = BUILT_PRODUCTS_DIR; };
		D0AE1C872CB400D300BB2DA2 /* fItneSS_usTests.xctest */ = {isa = PBXFileReference; explicitFileType = wrapper.cfbundle; includeInIndex = 0; path = fItneSS_usTests.xctest; sourceTree = BUILT_PRODUCTS_DIR; };
		D0AE1C912CB400D300BB2DA2 /* fItneSS_usUITests.xctest */ = {isa = PBXFileReference; explicitFileType = wrapper.cfbundle; includeInIndex = 0; path = fItneSS_usUITests.xctest; sourceTree = BUILT_PRODUCTS_DIR; };
/* End PBXFileReference section */

/* Begin PBXFileSystemSynchronizedRootGroup section */
		D0AE1C772CB400D100BB2DA2 /* fItneSS_us */ = {
			isa = PBXFileSystemSynchronizedRootGroup;
			path = fItneSS_us;
			sourceTree = "<group>";
		};
		D0AE1C8A2CB400D300BB2DA2 /* fItneSS_usTests */ = {
			isa = PBXFileSystemSynchronizedRootGroup;
			path = fItneSS_usTests;
			sourceTree = "<group>";
		};
		D0AE1C942CB400D300BB2DA2 /* fItneSS_usUITests */ = {
			isa = PBXFileSystemSynchronizedRootGroup;
			path = fItneSS_usUITests;
			sourceTree = "<group>";
		};
/* End PBXFileSystemSynchronizedRootGroup section */

/* Begin PBXFrameworksBuildPhase section */
		D0AE1C722CB400D100BB2DA2 /* Frameworks */ = {
			isa = PBXFrameworksBuildPhase;
			buildActionMask = 2147483647;
			files = (
			);
			runOnlyForDeploymentPostprocessing = 0;
		};
		D0AE1C842CB400D300BB2DA2 /* Frameworks */ = {
			isa = PBXFrameworksBuildPhase;
			buildActionMask = 2147483647;
			files = (
			);
			runOnlyForDeploymentPostprocessing = 0;
		};
		D0AE1C8E2CB400D300BB2DA2 /* Frameworks */ = {
			isa = PBXFrameworksBuildPhase;
			buildActionMask = 2147483647;
			files = (
			);
			runOnlyForDeploymentPostprocessing = 0;
		};
/* End PBXFrameworksBuildPhase section */

/* Begin PBXGroup section */
		D0AE1C6C2CB400D100BB2DA2 = {
			isa = PBXGroup;
			children = (
				D0AE1C772CB400D100BB2DA2 /* fItneSS_us */,
				D0AE1C8A2CB400D300BB2DA2 /* fItneSS_usTests */,
				D0AE1C942CB400D300BB2DA2 /* fItneSS_usUITests */,
				D0AE1C762CB400D100BB2DA2 /* Products */,
			);
			sourceTree = "<group>";
		};
		D0AE1C762CB400D100BB2DA2 /* Products */ = {
			isa = PBXGroup;
			children = (
				D0AE1C752CB400D100BB2DA2 /* fItneSS_us.app */,
				D0AE1C872CB400D300BB2DA2 /* fItneSS_usTests.xctest */,
				D0AE1C912CB400D300BB2DA2 /* fItneSS_usUITests.xctest */,
			);
			name = Products;
			sourceTree = "<group>";
		};
/* End PBXGroup section */

/* Begin PBXNativeTarget section */
		D0AE1C742CB400D100BB2DA2 /* fItneSS_us */ = {
			isa = PBXNativeTarget;
			buildConfigurationList = D0AE1C9B2CB400D300BB2DA2 /* Build configuration list for PBXNativeTarget "fItneSS_us" */;
			buildPhases = (
				D0AE1C712CB400D100BB2DA2 /* Sources */,
				D0AE1C722CB400D100BB2DA2 /* Frameworks */,
				D0AE1C732CB400D100BB2DA2 /* Resources */,
			);
			buildRules = (
			);
			dependencies = (
			);
			fileSystemSynchronizedGroups = (
				D0AE1C772CB400D100BB2DA2 /* fItneSS_us */,
			);
			name = fItneSS_us;
			packageProductDependencies = (
			);
			productName = fItneSS_us;
			productReference = D0AE1C752CB400D100BB2DA2 /* fItneSS_us.app */;
			productType = "com.apple.product-type.application";
		};
		D0AE1C862CB400D300BB2DA2 /* fItneSS_usTests */ = {
			isa = PBXNativeTarget;
			buildConfigurationList = D0AE1C9E2CB400D300BB2DA2 /* Build configuration list for PBXNativeTarget "fItneSS_usTests" */;
			buildPhases = (
				D0AE1C832CB400D300BB2DA2 /* Sources */,
				D0AE1C842CB400D300BB2DA2 /* Frameworks */,
				D0AE1C852CB400D300BB2DA2 /* Resources */,
			);
			buildRules = (
			);
			dependencies = (
				D0AE1C892CB400D300BB2DA2 /* PBXTargetDependency */,
			);
			fileSystemSynchronizedGroups = (
				D0AE1C8A2CB400D300BB2DA2 /* fItneSS_usTests */,
			);
			name = fItneSS_usTests;
			packageProductDependencies = (
			);
			productName = fItneSS_usTests;
			productReference = D0AE1C872CB400D300BB2DA2 /* fItneSS_usTests.xctest */;
			productType = "com.apple.product-type.bundle.unit-test";
		};
		D0AE1C902CB400D300BB2DA2 /* fItneSS_usUITests */ = {
			isa = PBXNativeTarget;
			buildConfigurationList = D0AE1CA12CB400D300BB2DA2 /* Build configuration list for PBXNativeTarget "fItneSS_usUITests" */;
			buildPhases = (
				D0AE1C8D2CB400D300BB2DA2 /* Sources */,
				D0AE1C8E2CB400D300BB2DA2 /* Frameworks */,
				D0AE1C8F2CB400D300BB2DA2 /* Resources */,
			);
			buildRules = (
			);
			dependencies = (
				D0AE1C932CB400D300BB2DA2 /* PBXTargetDependency */,
			);
			fileSystemSynchronizedGroups = (
				D0AE1C942CB400D300BB2DA2 /* fItneSS_usUITests */,
			);
			name = fItneSS_usUITests;
			packageProductDependencies = (
			);
			productName = fItneSS_usUITests;
			productReference = D0AE1C912CB400D300BB2DA2 /* fItneSS_usUITests.xctest */;
			productType = "com.apple.product-type.bundle.ui-testing";
		};
/* End PBXNativeTarget section */

/* Begin PBXProject section */
		D0AE1C6D2CB400D100BB2DA2 /* Project object */ = {
			isa = PBXProject;
			attributes = {
				BuildIndependentTargetsInParallel = 1;
				LastSwiftUpdateCheck = 1600;
				LastUpgradeCheck = 1600;
				TargetAttributes = {
					D0AE1C742CB400D100BB2DA2 = {
						CreatedOnToolsVersion = 16.0;
					};
					D0AE1C862CB400D300BB2DA2 = {
						CreatedOnToolsVersion = 16.0;
						TestTargetID = D0AE1C742CB400D100BB2DA2;
					};
					D0AE1C902CB400D300BB2DA2 = {
						CreatedOnToolsVersion = 16.0;
						TestTargetID = D0AE1C742CB400D100BB2DA2;
					};
				};
			};
			buildConfigurationList = D0AE1C702CB400D100BB2DA2 /* Build configuration list for PBXProject "fItneSS_us" */;
			developmentRegion = en;
			hasScannedForEncodings = 0;
			knownRegions = (
				en,
				Base,
			);
			mainGroup = D0AE1C6C2CB400D100BB2DA2;
			minimizedProjectReferenceProxies = 1;
			preferredProjectObjectVersion = 77;
			productRefGroup = D0AE1C762CB400D100BB2DA2 /* Products */;
			projectDirPath = "";
			projectRoot = "";
			targets = (
				D0AE1C742CB400D100BB2DA2 /* fItneSS_us */,
				D0AE1C862CB400D300BB2DA2 /* fItneSS_usTests */,
				D0AE1C902CB400D300BB2DA2 /* fItneSS_usUITests */,
			);
		};
/* End PBXProject section */

/* Begin PBXResourcesBuildPhase section */
		D0AE1C732CB400D100BB2DA2 /* Resources */ = {
			isa = PBXResourcesBuildPhase;
			buildActionMask = 2147483647;
			files = (
			);
			runOnlyForDeploymentPostprocessing = 0;
		};
		D0AE1C852CB400D300BB2DA2 /* Resources */ = {
			isa = PBXResourcesBuildPhase;
			buildActionMask = 2147483647;
			files = (
			);
			runOnlyForDeploymentPostprocessing = 0;
		};
		D0AE1C8F2CB400D300BB2DA2 /* Resources */ = {
			isa = PBXResourcesBuildPhase;
			buildActionMask = 2147483647;
			files = (
			);
			runOnlyForDeploymentPostprocessing = 0;
		};
/* End PBXResourcesBuildPhase section */

/* Begin PBXSourcesBuildPhase section */
		D0AE1C712CB400D100BB2DA2 /* Sources */ = {
			isa = PBXSourcesBuildPhase;
			buildActionMask = 2147483647;
			files = (
			);
			runOnlyForDeploymentPostprocessing = 0;
		};
		D0AE1C832CB400D300BB2DA2 /* Sources */ = {
			isa = PBXSourcesBuildPhase;
			buildActionMask = 2147483647;
			files = (
			);
			runOnlyForDeploymentPostprocessing = 0;
		};
		D0AE1C8D2CB400D300BB2DA2 /* Sources */ = {
			isa = PBXSourcesBuildPhase;
			buildActionMask = 2147483647;
			files = (
			);
			runOnlyForDeploymentPostprocessing = 0;
		};
/* End PBXSourcesBuildPhase section */

/* Begin PBXTargetDependency section */
		D0AE1C892CB400D300BB2DA2 /* PBXTargetDependency */ = {
			isa = PBXTargetDependency;
			target = D0AE1C742CB400D100BB2DA2 /* fItneSS_us */;
			targetProxy = D0AE1C882CB400D300BB2DA2 /* PBXContainerItemProxy */;
		};
		D0AE1C932CB400D300BB2DA2 /* PBXTargetDependency */ = {
			isa = PBXTargetDependency;
			target = D0AE1C742CB400D100BB2DA2 /* fItneSS_us */;
			targetProxy = D0AE1C922CB400D300BB2DA2 /* PBXContainerItemProxy */;
		};
/* End PBXTargetDependency section */

/* Begin XCBuildConfiguration section */
		D0AE1C992CB400D300BB2DA2 /* Debug */ = {
			isa = XCBuildConfiguration;
			buildSettings = {
				ALWAYS_SEARCH_USER_PATHS = NO;
				ASSETCATALOG_COMPILER_GENERATE_SWIFT_ASSET_SYMBOL_EXTENSIONS = YES;
				CLANG_ANALYZER_NONNULL = YES;
				CLANG_ANALYZER_NUMBER_OBJECT_CONVERSION = YES_AGGRESSIVE;
				CLANG_CXX_LANGUAGE_STANDARD = "gnu++20";
				CLANG_ENABLE_MODULES = YES;
				CLANG_ENABLE_OBJC_ARC = YES;
				CLANG_ENABLE_OBJC_WEAK = YES;
				CLANG_WARN_BLOCK_CAPTURE_AUTORELEASING = YES;
				CLANG_WARN_BOOL_CONVERSION = YES;
				CLANG_WARN_COMMA = YES;
				CLANG_WARN_CONSTANT_CONVERSION = YES;
				CLANG_WARN_DEPRECATED_OBJC_IMPLEMENTATIONS = YES;
				CLANG_WARN_DIRECT_OBJC_ISA_USAGE = YES_ERROR;
				CLANG_WARN_DOCUMENTATION_COMMENTS = YES;
				CLANG_WARN_EMPTY_BODY = YES;
				CLANG_WARN_ENUM_CONVERSION = YES;
				CLANG_WARN_INFINITE_RECURSION = YES;
				CLANG_WARN_INT_CONVERSION = YES;
				CLANG_WARN_NON_LITERAL_NULL_CONVERSION = YES;
				CLANG_WARN_OBJC_IMPLICIT_RETAIN_SELF = YES;
				CLANG_WARN_OBJC_LITERAL_CONVERSION = YES;
				CLANG_WARN_OBJC_ROOT_CLASS = YES_ERROR;
				CLANG_WARN_QUOTED_INCLUDE_IN_FRAMEWORK_HEADER = YES;
				CLANG_WARN_RANGE_LOOP_ANALYSIS = YES;
				CLANG_WARN_STRICT_PROTOTYPES = YES;
				CLANG_WARN_SUSPICIOUS_MOVE = YES;
				CLANG_WARN_UNGUARDED_AVAILABILITY = YES_AGGRESSIVE;
				CLANG_WARN_UNREACHABLE_CODE = YES;
				CLANG_WARN__DUPLICATE_METHOD_MATCH = YES;
				COPY_PHASE_STRIP = NO;
				DEBUG_INFORMATION_FORMAT = dwarf;
				ENABLE_STRICT_OBJC_MSGSEND = YES;
				ENABLE_TESTABILITY = YES;
				ENABLE_USER_SCRIPT_SANDBOXING = YES;
				GCC_C_LANGUAGE_STANDARD = gnu17;
				GCC_DYNAMIC_NO_PIC = NO;
				GCC_NO_COMMON_BLOCKS = YES;
				GCC_OPTIMIZATION_LEVEL = 0;
				GCC_PREPROCESSOR_DEFINITIONS = (
					"DEBUG=1",
					"$(inherited)",
				);
				GCC_WARN_64_TO_32_BIT_CONVERSION = YES;
				GCC_WARN_ABOUT_RETURN_TYPE = YES_ERROR;
				GCC_WARN_UNDECLARED_SELECTOR = YES;
				GCC_WARN_UNINITIALIZED_AUTOS = YES_AGGRESSIVE;
				GCC_WARN_UNUSED_FUNCTION = YES;
				GCC_WARN_UNUSED_VARIABLE = YES;
				IPHONEOS_DEPLOYMENT_TARGET = 18.0;
				LOCALIZATION_PREFERS_STRING_CATALOGS = YES;
				MTL_ENABLE_DEBUG_INFO = INCLUDE_SOURCE;
				MTL_FAST_MATH = YES;
				ONLY_ACTIVE_ARCH = YES;
				SDKROOT = iphoneos;
				SWIFT_ACTIVE_COMPILATION_CONDITIONS = "DEBUG $(inherited)";
				SWIFT_OPTIMIZATION_LEVEL = "-Onone";
			};
			name = Debug;
		};
		D0AE1C9A2CB400D300BB2DA2 /* Release */ = {
			isa = XCBuildConfiguration;
			buildSettings = {
				ALWAYS_SEARCH_USER_PATHS = NO;
				ASSETCATALOG_COMPILER_GENERATE_SWIFT_ASSET_SYMBOL_EXTENSIONS = YES;
				CLANG_ANALYZER_NONNULL = YES;
				CLANG_ANALYZER_NUMBER_OBJECT_CONVERSION = YES_AGGRESSIVE;
				CLANG_CXX_LANGUAGE_STANDARD = "gnu++20";
				CLANG_ENABLE_MODULES = YES;
				CLANG_ENABLE_OBJC_ARC = YES;
				CLANG_ENABLE_OBJC_WEAK = YES;
				CLANG_WARN_BLOCK_CAPTURE_AUTORELEASING = YES;
				CLANG_WARN_BOOL_CONVERSION = YES;
				CLANG_WARN_COMMA = YES;
				CLANG_WARN_CONSTANT_CONVERSION = YES;
				CLANG_WARN_DEPRECATED_OBJC_IMPLEMENTATIONS = YES;
				CLANG_WARN_DIRECT_OBJC_ISA_USAGE = YES_ERROR;
				CLANG_WARN_DOCUMENTATION_COMMENTS = YES;
				CLANG_WARN_EMPTY_BODY = YES;
				CLANG_WARN_ENUM_CONVERSION = YES;
				CLANG_WARN_INFINITE_RECURSION = YES;
				CLANG_WARN_INT_CONVERSION = YES;
				CLANG_WARN_NON_LITERAL_NULL_CONVERSION = YES;
				CLANG_WARN_OBJC_IMPLICIT_RETAIN_SELF = YES;
				CLANG_WARN_OBJC_LITERAL_CONVERSION = YES;
				CLANG_WARN_OBJC_ROOT_CLASS = YES_ERROR;
				CLANG_WARN_QUOTED_INCLUDE_IN_FRAMEWORK_HEADER = YES;
				CLANG_WARN_RANGE_LOOP_ANALYSIS = YES;
				CLANG_WARN_STRICT_PROTOTYPES = YES;
				CLANG_WARN_SUSPICIOUS_MOVE = YES;
				CLANG_WARN_UNGUARDED_AVAILABILITY = YES_AGGRESSIVE;
				CLANG_WARN_UNREACHABLE_CODE = YES;
				CLANG_WARN__DUPLICATE_METHOD_MATCH = YES;
				COPY_PHASE_STRIP = NO;
				DEBUG_INFORMATION_FORMAT = "dwarf-with-dsym";
				ENABLE_NS_ASSERTIONS = NO;
				ENABLE_STRICT_OBJC_MSGSEND = YES;
				ENABLE_USER_SCRIPT_SANDBOXING = YES;
				GCC_C_LANGUAGE_STANDARD = gnu17;
				GCC_NO_COMMON_BLOCKS = YES;
				GCC_WARN_64_TO_32_BIT_CONVERSION = YES;
				GCC_WARN_ABOUT_RETURN_TYPE = YES_ERROR;
				GCC_WARN_UNDECLARED_SELECTOR = YES;
				GCC_WARN_UNINITIALIZED_AUTOS = YES_AGGRESSIVE;
				GCC_WARN_UNUSED_FUNCTION = YES;
				GCC_WARN_UNUSED_VARIABLE = YES;
				IPHONEOS_DEPLOYMENT_TARGET = 18.0;
				LOCALIZATION_PREFERS_STRING_CATALOGS = YES;
				MTL_ENABLE_DEBUG_INFO = NO;
				MTL_FAST_MATH = YES;
				SDKROOT = iphoneos;
				SWIFT_COMPILATION_MODE = wholemodule;
				VALIDATE_PRODUCT = YES;
			};
			name = Release;
		};
		D0AE1C9C2CB400D300BB2DA2 /* Debug */ = {
			isa = XCBuildConfiguration;
			buildSettings = {
				ASSETCATALOG_COMPILER_APPICON_NAME = AppIcon;
				ASSETCATALOG_COMPILER_GLOBAL_ACCENT_COLOR_NAME = AccentColor;
				CODE_SIGN_STYLE = Automatic;
				CURRENT_PROJECT_VERSION = 1;
				DEVELOPMENT_ASSET_PATHS = "\"fItneSS_us/Preview Content\"";
				DEVELOPMENT_TEAM = QNHR3PBV5Y;
				ENABLE_PREVIEWS = YES;
				GENERATE_INFOPLIST_FILE = YES;
				INFOPLIST_KEY_UIApplicationSceneManifest_Generation = YES;
				INFOPLIST_KEY_UIApplicationSupportsIndirectInputEvents = YES;
				INFOPLIST_KEY_UILaunchScreen_Generation = YES;
				INFOPLIST_KEY_UISupportedInterfaceOrientations_iPad = "UIInterfaceOrientationPortrait UIInterfaceOrientationPortraitUpsideDown UIInterfaceOrientationLandscapeLeft UIInterfaceOrientationLandscapeRight";
				INFOPLIST_KEY_UISupportedInterfaceOrientations_iPhone = "UIInterfaceOrientationPortrait UIInterfaceOrientationLandscapeLeft UIInterfaceOrientationLandscapeRight";
				LD_RUNPATH_SEARCH_PATHS = (
					"$(inherited)",
					"@executable_path/Frameworks",
				);
				MARKETING_VERSION = 1.0;
				PRODUCT_BUNDLE_IDENTIFIER = "Tony-XIa.fItneSS-us";
				PRODUCT_NAME = "$(TARGET_NAME)";
				SWIFT_EMIT_LOC_STRINGS = YES;
				SWIFT_VERSION = 5.0;
				TARGETED_DEVICE_FAMILY = "1,2";
			};
			name = Debug;
		};
		D0AE1C9D2CB400D300BB2DA2 /* Release */ = {
			isa = XCBuildConfiguration;
			buildSettings = {
				ASSETCATALOG_COMPILER_APPICON_NAME = AppIcon;
				ASSETCATALOG_COMPILER_GLOBAL_ACCENT_COLOR_NAME = AccentColor;
				CODE_SIGN_STYLE = Automatic;
				CURRENT_PROJECT_VERSION = 1;
				DEVELOPMENT_ASSET_PATHS = "\"fItneSS_us/Preview Content\"";
				DEVELOPMENT_TEAM = QNHR3PBV5Y;
				ENABLE_PREVIEWS = YES;
				GENERATE_INFOPLIST_FILE = YES;
				INFOPLIST_KEY_UIApplicationSceneManifest_Generation = YES;
				INFOPLIST_KEY_UIApplicationSupportsIndirectInputEvents = YES;
				INFOPLIST_KEY_UILaunchScreen_Generation = YES;
				INFOPLIST_KEY_UISupportedInterfaceOrientations_iPad = "UIInterfaceOrientationPortrait UIInterfaceOrientationPortraitUpsideDown UIInterfaceOrientationLandscapeLeft UIInterfaceOrientationLandscapeRight";
				INFOPLIST_KEY_UISupportedInterfaceOrientations_iPhone = "UIInterfaceOrientationPortrait UIInterfaceOrientationLandscapeLeft UIInterfaceOrientationLandscapeRight";
				LD_RUNPATH_SEARCH_PATHS = (
					"$(inherited)",
					"@executable_path/Frameworks",
				);
				MARKETING_VERSION = 1.0;
				PRODUCT_BUNDLE_IDENTIFIER = "Tony-XIa.fItneSS-us";
				PRODUCT_NAME = "$(TARGET_NAME)";
				SWIFT_EMIT_LOC_STRINGS = YES;
				SWIFT_VERSION = 5.0;
				TARGETED_DEVICE_FAMILY = "1,2";
			};
			name = Release;
		};
		D0AE1C9F2CB400D300BB2DA2 /* Debug */ = {
			isa = XCBuildConfiguration;
			buildSettings = {
				BUNDLE_LOADER = "$(TEST_HOST)";
				CODE_SIGN_STYLE = Automatic;
				CURRENT_PROJECT_VERSION = 1;
				DEVELOPMENT_TEAM = QNHR3PBV5Y;
				GENERATE_INFOPLIST_FILE = YES;
				IPHONEOS_DEPLOYMENT_TARGET = 18.0;
				MARKETING_VERSION = 1.0;
				PRODUCT_BUNDLE_IDENTIFIER = "Tony-XIa.fItneSS-usTests";
				PRODUCT_NAME = "$(TARGET_NAME)";
				SWIFT_EMIT_LOC_STRINGS = NO;
				SWIFT_VERSION = 5.0;
				TARGETED_DEVICE_FAMILY = "1,2";
				TEST_HOST = "$(BUILT_PRODUCTS_DIR)/fItneSS_us.app/$(BUNDLE_EXECUTABLE_FOLDER_PATH)/fItneSS_us";
			};
			name = Debug;
		};
		D0AE1CA02CB400D300BB2DA2 /* Release */ = {
			isa = XCBuildConfiguration;
			buildSettings = {
				BUNDLE_LOADER = "$(TEST_HOST)";
				CODE_SIGN_STYLE = Automatic;
				CURRENT_PROJECT_VERSION = 1;
				DEVELOPMENT_TEAM = QNHR3PBV5Y;
				GENERATE_INFOPLIST_FILE = YES;
				IPHONEOS_DEPLOYMENT_TARGET = 18.0;
				MARKETING_VERSION = 1.0;
				PRODUCT_BUNDLE_IDENTIFIER = "Tony-XIa.fItneSS-usTests";
				PRODUCT_NAME = "$(TARGET_NAME)";
				SWIFT_EMIT_LOC_STRINGS = NO;
				SWIFT_VERSION = 5.0;
				TARGETED_DEVICE_FAMILY = "1,2";
				TEST_HOST = "$(BUILT_PRODUCTS_DIR)/fItneSS_us.app/$(BUNDLE_EXECUTABLE_FOLDER_PATH)/fItneSS_us";
			};
			name = Release;
		};
		D0AE1CA22CB400D300BB2DA2 /* Debug */ = {
			isa = XCBuildConfiguration;
			buildSettings = {
				CODE_SIGN_STYLE = Automatic;
				CURRENT_PROJECT_VERSION = 1;
				DEVELOPMENT_TEAM = QNHR3PBV5Y;
				GENERATE_INFOPLIST_FILE = YES;
				MARKETING_VERSION = 1.0;
				PRODUCT_BUNDLE_IDENTIFIER = "Tony-XIa.fItneSS-usUITests";
				PRODUCT_NAME = "$(TARGET_NAME)";
				SWIFT_EMIT_LOC_STRINGS = NO;
				SWIFT_VERSION = 5.0;
				TARGETED_DEVICE_FAMILY = "1,2";
				TEST_TARGET_NAME = fItneSS_us;
			};
			name = Debug;
		};
		D0AE1CA32CB400D300BB2DA2 /* Release */ = {
			isa = XCBuildConfiguration;
			buildSettings = {
				CODE_SIGN_STYLE = Automatic;
				CURRENT_PROJECT_VERSION = 1;
				DEVELOPMENT_TEAM = QNHR3PBV5Y;
				GENERATE_INFOPLIST_FILE = YES;
				MARKETING_VERSION = 1.0;
				PRODUCT_BUNDLE_IDENTIFIER = "Tony-XIa.fItneSS-usUITests";
				PRODUCT_NAME = "$(TARGET_NAME)";
				SWIFT_EMIT_LOC_STRINGS = NO;
				SWIFT_VERSION = 5.0;
				TARGETED_DEVICE_FAMILY = "1,2";
				TEST_TARGET_NAME = fItneSS_us;
			};
			name = Release;
		};
/* End XCBuildConfiguration section */

/* Begin XCConfigurationList section */
		D0AE1C702CB400D100BB2DA2 /* Build configuration list for PBXProject "fItneSS_us" */ = {
			isa = XCConfigurationList;
			buildConfigurations = (
				D0AE1C992CB400D300BB2DA2 /* Debug */,
				D0AE1C9A2CB400D300BB2DA2 /* Release */,
			);
			defaultConfigurationIsVisible = 0;
			defaultConfigurationName = Release;
		};
		D0AE1C9B2CB400D300BB2DA2 /* Build configuration list for PBXNativeTarget "fItneSS_us" */ = {
			isa = XCConfigurationList;
			buildConfigurations = (
				D0AE1C9C2CB400D300BB2DA2 /* Debug */,
				D0AE1C9D2CB400D300BB2DA2 /* Release */,
			);
			defaultConfigurationIsVisible = 0;
			defaultConfigurationName = Release;
		};
		D0AE1C9E2CB400D300BB2DA2 /* Build configuration list for PBXNativeTarget "fItneSS_usTests" */ = {
			isa = XCConfigurationList;
			buildConfigurations = (
				D0AE1C9F2CB400D300BB2DA2 /* Debug */,
				D0AE1CA02CB400D300BB2DA2 /* Release */,
			);
			defaultConfigurationIsVisible = 0;
			defaultConfigurationName = Release;
		};
		D0AE1CA12CB400D300BB2DA2 /* Build configuration list for PBXNativeTarget "fItneSS_usUITests" */ = {
			isa = XCConfigurationList;
			buildConfigurations = (
				D0AE1CA22CB400D300BB2DA2 /* Debug */,
				D0AE1CA32CB400D300BB2DA2 /* Release */,
			);
			defaultConfigurationIsVisible = 0;
			defaultConfigurationName = Release;
		};
/* End XCConfigurationList section */
	};
	rootObject = D0AE1C6D2CB400D100BB2DA2 /* Project object */;
}
